Microsoft Visual Studio Solution File, Format Version 12.00
# Visual Studio Version 17
VisualStudioVersion = 17.5.2.0
MinimumVisualStudioVersion = 10.0.40219.1
Project("{FAE04EC0-301F-11D3-BF4B-00C04F79EFBC}") = "AnimeMangaTracker", "AnimeMangaTracker.csproj", "{899CF779-70A3-5726-891C-72AE07697D84}"
EndProject
Global
	GlobalSection(SolutionConfigurationPlatforms) = preSolution
		Debug|Any CPU = Debug|Any CPU
		Release|Any CPU = Release|Any CPU
	EndGlobalSection
	GlobalSection(ProjectConfigurationPlatforms) = postSolution
		{899CF779-70A3-5726-891C-72AE07697D84}.Debug|Any CPU.ActiveCfg = Debug|Any CPU
		{899CF779-70A3-5726-891C-72AE07697D84}.Debug|Any CPU.Build.0 = Debug|Any CPU
		{899CF779-70A3-5726-891C-72AE07697D84}.Release|Any CPU.ActiveCfg = Release|Any CPU
		{899CF779-70A3-5726-891C-72AE07697D84}.Release|Any CPU.Build.0 = Release|Any CPU
	EndGlobalSection
	GlobalSection(SolutionProperties) = preSolution
		HideSolutionNode = FALSE
	EndGlobalSection
	GlobalSection(ExtensibilityGlobals) = postSolution
		SolutionGuid = {3CD06085-1F68-4A4A-A231-44D7D4439272}
	EndGlobalSection
EndGlobal
